
Microsoft Visual Studio Solution File, Format Version 11.00
# Visual Studio 2010
Project("{F184B08F-C81C-45F6-A57F-5ABD9991F28F}") = "HmisTemplate", "HmisTemplate.vbproj", "{19C4C74F-1270-4C6F-B302-F0EF740AF423}"
EndProject
Project("{F184B08F-C81C-45F6-A57F-5ABD9991F28F}") = "HmisServer", "..\HmisServer\HmisServer.vbproj", "{A23CAC82-7750-4CEB-AAB0-B100657306D0}"
EndProject
Project("{F184B08F-C81C-45F6-A57F-5ABD9991F28F}") = "CSSD_SERVICE", "..\CSSD_SERVICE\CSSD_SERVICE.vbproj", "{9F399AB0-352D-4122-8FF3-7D5718756875}"
EndProject
Project("{F184B08F-C81C-45F6-A57F-5ABD9991F28F}") = "CSSD_UI", "..\CSSD_UI\CSSD_UI.vbproj", "{A2AF86B5-BB61-4A2B-A95E-83C2558DEDA3}"
EndProject
Global
	GlobalSection(SolutionConfigurationPlatforms) = preSolution
		Debug|Any CPU = Debug|Any CPU
		Debug|Mixed Platforms = Debug|Mixed Platforms
		Debug|x86 = Debug|x86
		Release|Any CPU = Release|Any CPU
		Release|Mixed Platforms = Release|Mixed Platforms
		Release|x86 = Release|x86
	EndGlobalSection
	GlobalSection(ProjectConfigurationPlatforms) = postSolution
		{19C4C74F-1270-4C6F-B302-F0EF740AF423}.Debug|Any CPU.ActiveCfg = Debug|x86
		{19C4C74F-1270-4C6F-B302-F0EF740AF423}.Debug|Mixed Platforms.ActiveCfg = Debug|x86
		{19C4C74F-1270-4C6F-B302-F0EF740AF423}.Debug|Mixed Platforms.Build.0 = Debug|x86
		{19C4C74F-1270-4C6F-B302-F0EF740AF423}.Debug|x86.ActiveCfg = Debug|x86
		{19C4C74F-1270-4C6F-B302-F0EF740AF423}.Debug|x86.Build.0 = Debug|x86
		{19C4C74F-1270-4C6F-B302-F0EF740AF423}.Release|Any CPU.ActiveCfg = Release|x86
		{19C4C74F-1270-4C6F-B302-F0EF740AF423}.Release|Mixed Platforms.ActiveCfg = Release|x86
		{19C4C74F-1270-4C6F-B302-F0EF740AF423}.Release|Mixed Platforms.Build.0 = Release|x86
		{19C4C74F-1270-4C6F-B302-F0EF740AF423}.Release|x86.ActiveCfg = Release|x86
		{19C4C74F-1270-4C6F-B302-F0EF740AF423}.Release|x86.Build.0 = Release|x86
		{A23CAC82-7750-4CEB-AAB0-B100657306D0}.Debug|Any CPU.ActiveCfg = Debug|x86
		{A23CAC82-7750-4CEB-AAB0-B100657306D0}.Debug|Mixed Platforms.ActiveCfg = Debug|x86
		{A23CAC82-7750-4CEB-AAB0-B100657306D0}.Debug|Mixed Platforms.Build.0 = Debug|x86
		{A23CAC82-7750-4CEB-AAB0-B100657306D0}.Debug|x86.ActiveCfg = Debug|x86
		{A23CAC82-7750-4CEB-AAB0-B100657306D0}.Debug|x86.Build.0 = Debug|x86
		{A23CAC82-7750-4CEB-AAB0-B100657306D0}.Release|Any CPU.ActiveCfg = Release|x86
		{A23CAC82-7750-4CEB-AAB0-B100657306D0}.Release|Mixed Platforms.ActiveCfg = Release|x86
		{A23CAC82-7750-4CEB-AAB0-B100657306D0}.Release|Mixed Platforms.Build.0 = Release|x86
		{A23CAC82-7750-4CEB-AAB0-B100657306D0}.Release|x86.ActiveCfg = Release|x86
		{A23CAC82-7750-4CEB-AAB0-B100657306D0}.Release|x86.Build.0 = Release|x86
		{9F399AB0-352D-4122-8FF3-7D5718756875}.Debug|Any CPU.ActiveCfg = Debug|Any CPU
		{9F399AB0-352D-4122-8FF3-7D5718756875}.Debug|Any CPU.Build.0 = Debug|Any CPU
		{9F399AB0-352D-4122-8FF3-7D5718756875}.Debug|Mixed Platforms.ActiveCfg = Debug|Any CPU
		{9F399AB0-352D-4122-8FF3-7D5718756875}.Debug|Mixed Platforms.Build.0 = Debug|Any CPU
		{9F399AB0-352D-4122-8FF3-7D5718756875}.Debug|x86.ActiveCfg = Debug|Any CPU
		{9F399AB0-352D-4122-8FF3-7D5718756875}.Release|Any CPU.ActiveCfg = Release|Any CPU
		{9F399AB0-352D-4122-8FF3-7D5718756875}.Release|Any CPU.Build.0 = Release|Any CPU
		{9F399AB0-352D-4122-8FF3-7D5718756875}.Release|Mixed Platforms.ActiveCfg = Release|Any CPU
		{9F399AB0-352D-4122-8FF3-7D5718756875}.Release|Mixed Platforms.Build.0 = Release|Any CPU
		{9F399AB0-352D-4122-8FF3-7D5718756875}.Release|x86.ActiveCfg = Release|Any CPU
		{A2AF86B5-BB61-4A2B-A95E-83C2558DEDA3}.Debug|Any CPU.ActiveCfg = Debug|Any CPU
		{A2AF86B5-BB61-4A2B-A95E-83C2558DEDA3}.Debug|Any CPU.Build.0 = Debug|Any CPU
		{A2AF86B5-BB61-4A2B-A95E-83C2558DEDA3}.Debug|Mixed Platforms.ActiveCfg = Debug|Any CPU
		{A2AF86B5-BB61-4A2B-A95E-83C2558DEDA3}.Debug|Mixed Platforms.Build.0 = Debug|Any CPU
		{A2AF86B5-BB61-4A2B-A95E-83C2558DEDA3}.Debug|x86.ActiveCfg = Debug|Any CPU
		{A2AF86B5-BB61-4A2B-A95E-83C2558DEDA3}.Release|Any CPU.ActiveCfg = Release|Any CPU
		{A2AF86B5-BB61-4A2B-A95E-83C2558DEDA3}.Release|Any CPU.Build.0 = Release|Any CPU
		{A2AF86B5-BB61-4A2B-A95E-83C2558DEDA3}.Release|Mixed Platforms.ActiveCfg = Release|Any CPU
		{A2AF86B5-BB61-4A2B-A95E-83C2558DEDA3}.Release|Mixed Platforms.Build.0 = Release|Any CPU
		{A2AF86B5-BB61-4A2B-A95E-83C2558DEDA3}.Release|x86.ActiveCfg = Release|Any CPU
	EndGlobalSection
	GlobalSection(SolutionProperties) = preSolution
		HideSolutionNode = FALSE
	EndGlobalSection
EndGlobal
